Microsoft Visual Studio Solution File, Format Version 12.00
# Visual Studio 2012
Project("{FAE04EC0-301F-11D3-BF4B-00C04F79EFBC}") = "Tabletop Engine", "Tabletop Engine.csproj", "{F3BF2B9A-7455-44FA-9C0C-6E8A628D54AE}"
EndProject
Global
	GlobalSection(SolutionConfigurationPlatforms) = preSolution
	Debug|Any CPU = Debug|Any CPU
	ExportDebug|Any CPU = ExportDebug|Any CPU
	ExportRelease|Any CPU = ExportRelease|Any CPU
	EndGlobalSection
	GlobalSection(ProjectConfigurationPlatforms) = postSolution
		{F3BF2B9A-7455-44FA-9C0C-6E8A628D54AE}.Debug|Any CPU.ActiveCfg = Debug|Any CPU
		{F3BF2B9A-7455-44FA-9C0C-6E8A628D54AE}.Debug|Any CPU.Build.0 = Debug|Any CPU
		{F3BF2B9A-7455-44FA-9C0C-6E8A628D54AE}.ExportDebug|Any CPU.ActiveCfg = ExportDebug|Any CPU
		{F3BF2B9A-7455-44FA-9C0C-6E8A628D54AE}.ExportDebug|Any CPU.Build.0 = ExportDebug|Any CPU
		{F3BF2B9A-7455-44FA-9C0C-6E8A628D54AE}.ExportRelease|Any CPU.ActiveCfg = ExportRelease|Any CPU
		{F3BF2B9A-7455-44FA-9C0C-6E8A628D54AE}.ExportRelease|Any CPU.Build.0 = ExportRelease|Any CPU
	EndGlobalSection
EndGlobal
